
Microsoft Visual Studio Solution File, Format Version 12.00
# Visual Studio Version 16
VisualStudioVersion = 16.0.31515.178
MinimumVisualStudioVersion = 10.0.40219.1
Project("{FAE04EC0-301F-11D3-BF4B-00C04F79EFBC}") = "LogbookMenuWF", "LogbookMenuWF\LogbookMenuWF.csproj", "{D3746B44-55A1-4A02-B5E2-3E4227DE0C11}"
EndProject
Global
	GlobalSection(SolutionConfigurationPlatforms) = preSolution
		Debug|Any CPU = Debug|Any CPU
		Release|Any CPU = Release|Any CPU
	EndGlobalSection
	GlobalSection(ProjectConfigurationPlatforms) = postSolution
		{D3746B44-55A1-4A02-B5E2-3E4227DE0C11}.Debug|Any CPU.ActiveCfg = Debug|Any CPU
		{D3746B44-55A1-4A02-B5E2-3E4227DE0C11}.Debug|Any CPU.Build.0 = Debug|Any CPU
		{D3746B44-55A1-4A02-B5E2-3E4227DE0C11}.Release|Any CPU.ActiveCfg = Release|Any CPU
		{D3746B44-55A1-4A02-B5E2-3E4227DE0C11}.Release|Any CPU.Build.0 = Release|Any CPU
	EndGlobalSection
	GlobalSection(SolutionProperties) = preSolution
		HideSolutionNode = FALSE
	EndGlobalSection
	GlobalSection(ExtensibilityGlobals) = postSolution
		SolutionGuid = {1DE80206-D94F-4A91-BE01-F3C9EB473D19}
	EndGlobalSection
EndGlobal
